{
  "version": 4,
  "terraform_version": "1.9.1",
  "serial": 66,
  "lineage": "45f4a5b8-d4f3-96fd-6529-241f61f9a840",
  "outputs": {},
  "resources": [
    {
      "mode": "managed",
      "type": "azurerm_app_service",
      "name": "inchcapers-appservice",
      "provider": "provider[\"registry.terraform.io/hashicorp/azurerm\"]",
      "instances": [
        {
          "schema_version": 0,
          "attributes": {
            "app_service_plan_id": "/subscriptions/d4e9b256-e769-4dfe-88c0-65cd531f376d/resourceGroups/inchcapers/providers/Microsoft.Web/serverFarms/app-service-plan-inchcapers",
            "app_settings": {
              "DOCKER_REGISTRY_SERVER_PASSWORD": "z4h9ZSLreyV64WiGv3T/ZlQyrKhzlUHQ8L66oUNCPb+ACRD9Q+FF",
              "DOCKER_REGISTRY_SERVER_URL": "https://inchcapersacra32f4792.azurecr.io",
              "DOCKER_REGISTRY_SERVER_USERNAME": "inchcapersacra32f4792",
              "ENABLE_ORYX_BUILD": "0",
              "SCM_DO_BUILD_DURING_DEPLOYMENT": "1",
              "WEBSITES_ENABLE_APP_SERVICE_STORAGE": "false",
              "WEBSITES_PORT": "5000",
              "WEBSITE_RUN_FROM_PACKAGE": "1"
            },
            "auth_settings": [
              {
                "active_directory": [],
                "additional_login_params": {},
                "allowed_external_redirect_urls": [],
                "default_provider": "",
                "enabled": false,
                "facebook": [],
                "google": [],
                "issuer": "",
                "microsoft": [],
                "runtime_version": "",
                "token_refresh_extension_hours": 0,
                "token_store_enabled": false,
                "twitter": [],
                "unauthenticated_client_action": ""
              }
            ],
            "backup": [],
            "client_affinity_enabled": false,
            "client_cert_enabled": false,
            "client_cert_mode": "Required",
            "connection_string": [],
            "custom_domain_verification_id": "93A4767DF98FDBA957189DB672ACD12A0DE125FB040E9A1194D0B174ECFE9175",
            "default_site_hostname": "inchcapers-appservice.azurewebsites.net",
            "enabled": true,
            "https_only": false,
            "id": "/subscriptions/d4e9b256-e769-4dfe-88c0-65cd531f376d/resourceGroups/inchcapers/providers/Microsoft.Web/sites/inchcapers-appservice",
            "identity": [],
            "key_vault_reference_identity_id": "SystemAssigned",
            "location": "southeastasia",
            "logs": [
              {
                "application_logs": [
                  {
                    "azure_blob_storage": [],
                    "file_system_level": "Off"
                  }
                ],
                "detailed_error_messages_enabled": false,
                "failed_request_tracing_enabled": false,
                "http_logs": [
                  {
                    "azure_blob_storage": [],
                    "file_system": []
                  }
                ]
              }
            ],
            "name": "inchcapers-appservice",
            "outbound_ip_address_list": [
              "13.76.156.231",
              "52.187.106.144",
              "13.76.186.7",
              "104.215.156.243",
              "13.67.9.0"
            ],
            "outbound_ip_addresses": "13.76.156.231,52.187.106.144,13.76.186.7,104.215.156.243,13.67.9.0",
            "possible_outbound_ip_address_list": [
              "13.76.156.231",
              "52.187.106.144",
              "13.76.186.7",
              "104.215.156.243",
              "13.76.191.15",
              "13.76.188.138",
              "13.76.102.155",
              "52.187.106.221",
              "13.76.224.59",
              "40.119.243.239",
              "40.119.244.64",
              "40.119.244.139",
              "40.119.244.166",
              "40.119.244.171",
              "40.119.244.172",
              "20.197.110.192",
              "20.197.111.214",
              "20.198.184.59",
              "20.198.184.87",
              "20.198.184.247",
              "20.198.185.224",
              "13.67.9.0"
            ],
            "possible_outbound_ip_addresses": "13.76.156.231,52.187.106.144,13.76.186.7,104.215.156.243,13.76.191.15,13.76.188.138,13.76.102.155,52.187.106.221,13.76.224.59,40.119.243.239,40.119.244.64,40.119.244.139,40.119.244.166,40.119.244.171,40.119.244.172,20.197.110.192,20.197.111.214,20.198.184.59,20.198.184.87,20.198.184.247,20.198.185.224,13.67.9.0",
            "resource_group_name": "inchcapers",
            "site_config": [
              {
                "acr_use_managed_identity_credentials": false,
                "acr_user_managed_identity_client_id": "",
                "always_on": false,
                "app_command_line": "",
                "auto_swap_slot_name": "",
                "cors": [
                  {
                    "allowed_origins": [],
                    "support_credentials": false
                  }
                ],
                "default_documents": null,
                "dotnet_framework_version": "v4.0",
                "ftps_state": "FtpsOnly",
                "health_check_path": "",
                "http2_enabled": false,
                "ip_restriction": [],
                "java_container": "",
                "java_container_version": "",
                "java_version": "",
                "linux_fx_version": "DOCKER|inchcapersacra32f4792.azurecr.io/inchcape-app:latest",
                "local_mysql_enabled": false,
                "managed_pipeline_mode": "Integrated",
                "min_tls_version": "1.2",
                "number_of_workers": 1,
                "php_version": "",
                "python_version": "3.4",
                "remote_debugging_enabled": false,
                "remote_debugging_version": "VS2022",
                "scm_ip_restriction": [],
                "scm_type": "None",
                "scm_use_main_ip_restriction": false,
                "use_32_bit_worker_process": false,
                "vnet_route_all_enabled": false,
                "websockets_enabled": false,
                "windows_fx_version": ""
              }
            ],
            "site_credential": [
              {
                "password": "uoKR78lgkHcTjGQ022bMK4mBBTKPRAkb9ephAjWKCCeBMd4EL5kEWsFTSmhm",
                "username": "$inchcapers-appservice"
              }
            ],
            "source_control": [
              {
                "branch": "main",
                "manual_integration": false,
                "repo_url": "",
                "rollback_enabled": false,
                "use_mercurial": false
              }
            ],
            "storage_account": [],
            "tags": null,
            "timeouts": null
          },
          "sensitive_attributes": [
            [
              {
                "type": "get_attr",
                "value": "app_settings"
              },
              {
                "type": "index",
                "value": {
                  "value": "DOCKER_REGISTRY_SERVER_PASSWORD",
                  "type": "string"
                }
              }
            ]
          ],
          "private": "eyJlMmJmYjczMC1lY2FhLTExZTYtOGY4OC0zNDM2M2JjN2M0YzAiOnsiY3JlYXRlIjoxODAwMDAwMDAwMDAwLCJkZWxldGUiOjE4MDAwMDAwMDAwMDAsInJlYWQiOjMwMDAwMDAwMDAwMCwidXBkYXRlIjoxODAwMDAwMDAwMDAwfX0=",
          "dependencies": [
            "azurerm_app_service_plan.inchcapers-appservice-plan",
            "azurerm_container_registry.inchapers_acr",
            "azurerm_resource_group.inchcapers",
            "random_id.acr_id"
          ]
        }
      ]
    },
    {
      "mode": "managed",
      "type": "azurerm_app_service_plan",
      "name": "inchcapers-appservice-plan",
      "provider": "provider[\"registry.terraform.io/hashicorp/azurerm\"]",
      "instances": [
        {
          "schema_version": 1,
          "attributes": {
            "app_service_environment_id": "",
            "id": "/subscriptions/d4e9b256-e769-4dfe-88c0-65cd531f376d/resourceGroups/inchcapers/providers/Microsoft.Web/serverFarms/app-service-plan-inchcapers",
            "is_xenon": false,
            "kind": "linux",
            "location": "southeastasia",
            "maximum_elastic_worker_count": 1,
            "maximum_number_of_workers": 3,
            "name": "app-service-plan-inchcapers",
            "per_site_scaling": false,
            "reserved": true,
            "resource_group_name": "inchcapers",
            "sku": [
              {
                "capacity": 1,
                "size": "B1",
                "tier": "Basic"
              }
            ],
            "tags": null,
            "timeouts": null,
            "zone_redundant": false
          },
          "sensitive_attributes": [],
          "private": "eyJlMmJmYjczMC1lY2FhLTExZTYtOGY4OC0zNDM2M2JjN2M0YzAiOnsiY3JlYXRlIjozNjAwMDAwMDAwMDAwLCJkZWxldGUiOjM2MDAwMDAwMDAwMDAsInJlYWQiOjMwMDAwMDAwMDAwMCwidXBkYXRlIjozNjAwMDAwMDAwMDAwfSwic2NoZW1hX3ZlcnNpb24iOiIxIn0=",
          "dependencies": [
            "azurerm_resource_group.inchcapers"
          ]
        }
      ]
    },
    {
      "mode": "managed",
      "type": "azurerm_app_service_source_control",
      "name": "inchcapers-appservice-sourcecontrol",
      "provider": "provider[\"registry.terraform.io/hashicorp/azurerm\"]",
      "instances": [
        {
          "schema_version": 0,
          "attributes": {
            "app_id": "/subscriptions/d4e9b256-e769-4dfe-88c0-65cd531f376d/resourceGroups/inchcapers/providers/Microsoft.Web/sites/inchcapers-appservice",
            "branch": "main",
            "github_action_configuration": [],
            "id": "/subscriptions/d4e9b256-e769-4dfe-88c0-65cd531f376d/resourceGroups/inchcapers/providers/Microsoft.Web/sites/inchcapers-appservice",
            "repo_url": "https://github.com/dencoledota/inchcapeapp",
            "rollback_enabled": false,
            "scm_type": "GitHub",
            "timeouts": null,
            "use_local_git": false,
            "use_manual_integration": false,
            "use_mercurial": false,
            "uses_github_action": false
          },
          "sensitive_attributes": [],
          "private": "eyJlMmJmYjczMC1lY2FhLTExZTYtOGY4OC0zNDM2M2JjN2M0YzAiOnsiY3JlYXRlIjoxODAwMDAwMDAwMDAwLCJkZWxldGUiOjE4MDAwMDAwMDAwMDAsInJlYWQiOjMwMDAwMDAwMDAwMH19",
          "dependencies": [
            "azurerm_app_service.inchcapers-appservice",
            "azurerm_app_service_plan.inchcapers-appservice-plan",
            "azurerm_container_registry.inchapers_acr",
            "azurerm_resource_group.inchcapers",
            "random_id.acr_id"
          ]
        }
      ]
    },
    {
      "mode": "managed",
      "type": "azurerm_container_registry",
      "name": "inchapers_acr",
      "provider": "provider[\"registry.terraform.io/hashicorp/azurerm\"]",
      "instances": [
        {
          "schema_version": 2,
          "attributes": {
            "admin_enabled": true,
            "admin_password": "z4h9ZSLreyV64WiGv3T/ZlQyrKhzlUHQ8L66oUNCPb+ACRD9Q+FF",
            "admin_username": "inchcapersacra32f4792",
            "anonymous_pull_enabled": false,
            "data_endpoint_enabled": false,
            "encryption": [
              {
                "enabled": false,
                "identity_client_id": "",
                "key_vault_key_id": ""
              }
            ],
            "export_policy_enabled": true,
            "georeplications": [],
            "id": "/subscriptions/d4e9b256-e769-4dfe-88c0-65cd531f376d/resourceGroups/inchcapers/providers/Microsoft.ContainerRegistry/registries/inchcapersacra32f4792",
            "identity": [],
            "location": "southeastasia",
            "login_server": "inchcapersacra32f4792.azurecr.io",
            "name": "inchcapersacra32f4792",
            "network_rule_bypass_option": "AzureServices",
            "network_rule_set": [],
            "public_network_access_enabled": true,
            "quarantine_policy_enabled": false,
            "resource_group_name": "inchcapers",
            "retention_policy": [
              {
                "days": 7,
                "enabled": false
              }
            ],
            "sku": "Basic",
            "tags": {
              "environment": "testing"
            },
            "timeouts": null,
            "trust_policy": [
              {
                "enabled": false
              }
            ],
            "zone_redundancy_enabled": false
          },
          "sensitive_attributes": [
            [
              {
                "type": "get_attr",
                "value": "admin_password"
              }
            ]
          ],
          "private": "eyJlMmJmYjczMC1lY2FhLTExZTYtOGY4OC0zNDM2M2JjN2M0YzAiOnsiY3JlYXRlIjoxODAwMDAwMDAwMDAwLCJkZWxldGUiOjE4MDAwMDAwMDAwMDAsInJlYWQiOjMwMDAwMDAwMDAwMCwidXBkYXRlIjoxODAwMDAwMDAwMDAwfSwic2NoZW1hX3ZlcnNpb24iOiIyIn0=",
          "dependencies": [
            "azurerm_resource_group.inchcapers",
            "random_id.acr_id"
          ]
        }
      ]
    },
    {
      "mode": "managed",
      "type": "azurerm_resource_group",
      "name": "inchcapers",
      "provider": "provider[\"registry.terraform.io/hashicorp/azurerm\"]",
      "instances": [
        {
          "schema_version": 0,
          "attributes": {
            "id": "/subscriptions/d4e9b256-e769-4dfe-88c0-65cd531f376d/resourceGroups/inchcapers",
            "location": "southeastasia",
            "managed_by": "",
            "name": "inchcapers",
            "tags": {},
            "timeouts": null
          },
          "sensitive_attributes": [],
          "private": "eyJlMmJmYjczMC1lY2FhLTExZTYtOGY4OC0zNDM2M2JjN2M0YzAiOnsiY3JlYXRlIjo1NDAwMDAwMDAwMDAwLCJkZWxldGUiOjU0MDAwMDAwMDAwMDAsInJlYWQiOjMwMDAwMDAwMDAwMCwidXBkYXRlIjo1NDAwMDAwMDAwMDAwfX0="
        }
      ]
    },
    {
      "mode": "managed",
      "type": "random_id",
      "name": "acr_id",
      "provider": "provider[\"registry.terraform.io/hashicorp/random\"]",
      "instances": [
        {
          "schema_version": 0,
          "attributes": {
            "b64_std": "oy9Hkg==",
            "b64_url": "oy9Hkg",
            "byte_length": 4,
            "dec": "2737784722",
            "hex": "a32f4792",
            "id": "oy9Hkg",
            "keepers": null,
            "prefix": null
          },
          "sensitive_attributes": []
        }
      ]
    }
  ],
  "check_results": null
}
